// !$*UTF8*$!
{
	archiveVersion = 1;
	classes = {
	};
	objectVersion = 46;
	objects = {

/* Begin PBXBuildFile section */
		0A022DC01EA9AC9C006043FA /* AppDelegate.swift in Sources */ = {isa = PBXBuildFile; fileRef = 0A022DBF1EA9AC9C006043FA /* AppDelegate.swift */; };
		0A022DC21EA9AC9C006043FA /* ViewController.swift in Sources */ = {isa = PBXBuildFile; fileRef = 0A022DC11EA9AC9C006043FA /* ViewController.swift */; };
		0A022DC51EA9AC9C006043FA /* Main.storyboard in Resources */ = {isa = PBXBuildFile; fileRef = 0A022DC31EA9AC9C006043FA /* Main.storyboard */; };
		0A022DC71EA9AC9C006043FA /* Assets.xcassets in Resources */ = {isa = PBXBuildFile; fileRef = 0A022DC61EA9AC9C006043FA /* Assets.xcassets */; };
		0A022DCA1EA9AC9C006043FA /* LaunchScreen.storyboard in Resources */ = {isa = PBXBuildFile; fileRef = 0A022DC81EA9AC9C006043FA /* LaunchScreen.storyboard */; };
		0A022DD51EA9AC9C006043FA /* BaseAppTests.swift in Sources */ = {isa = PBXBuildFile; fileRef = 0A022DD41EA9AC9C006043FA /* BaseAppTests.swift */; };
		0A022DE01EA9AC9C006043FA /* BaseAppUITests.swift in Sources */ = {isa = PBXBuildFile; fileRef = 0A022DDF1EA9AC9C006043FA /* BaseAppUITests.swift */; };
		0A022DFC1EA9B831006043FA /* Const.swift in Sources */ = {isa = PBXBuildFile; fileRef = 0A022DF81EA9B831006043FA /* Const.swift */; };
		0A022DFD1EA9B831006043FA /* DatabaseMaster.swift in Sources */ = {isa = PBXBuildFile; fileRef = 0A022DF91EA9B831006043FA /* DatabaseMaster.swift */; };
		0A022DFE1EA9B831006043FA /* DatabaseQuery.swift in Sources */ = {isa = PBXBuildFile; fileRef = 0A022DFA1EA9B831006043FA /* DatabaseQuery.swift */; };
		0A022DFF1EA9B831006043FA /* DatabaseSession.swift in Sources */ = {isa = PBXBuildFile; fileRef = 0A022DFB1EA9B831006043FA /* DatabaseSession.swift */; };
		0A022E061EA9BF8B006043FA /* User.swift in Sources */ = {isa = PBXBuildFile; fileRef = 0A022E051EA9BF8B006043FA /* User.swift */; };
		0A022E081EA9C08D006043FA /* DatabaseUseCase.swift in Sources */ = {isa = PBXBuildFile; fileRef = 0A022E071EA9C08D006043FA /* DatabaseUseCase.swift */; };
		0AFD8B4A1EA9C43B0038DA28 /* CoreData.framework in Frameworks */ = {isa = PBXBuildFile; fileRef = 0AFD8B491EA9C43B0038DA28 /* CoreData.framework */; };
		0AFD8B4C1EA9C4440038DA28 /* Security.framework in Frameworks */ = {isa = PBXBuildFile; fileRef = 0AFD8B4B1EA9C4440038DA28 /* Security.framework */; };
		0AFD8B4E1EA9C44F0038DA28 /* SystemConfiguration.framework in Frameworks */ = {isa = PBXBuildFile; fileRef = 0AFD8B4D1EA9C44F0038DA28 /* SystemConfiguration.framework */; };
		0AFD8B501EA9C46E0038DA28 /* CoreGraphics.framework in Frameworks */ = {isa = PBXBuildFile; fileRef = 0AFD8B4F1EA9C46E0038DA28 /* CoreGraphics.framework */; };
		0AFD8B521EA9C4740038DA28 /* CoreLocation.framework in Frameworks */ = {isa = PBXBuildFile; fileRef = 0AFD8B511EA9C4740038DA28 /* CoreLocation.framework */; };
		0AFD8B541EA9C5270038DA28 /* Extensions.swift in Sources */ = {isa = PBXBuildFile; fileRef = 0AFD8B531EA9C5270038DA28 /* Extensions.swift */; };
		0AFD8B561EA9C5B10038DA28 /* CacheManager.swift in Sources */ = {isa = PBXBuildFile; fileRef = 0AFD8B551EA9C5B10038DA28 /* CacheManager.swift */; };
		0AFD8B5A1EA9C6750038DA28 /* Navigator.swift in Sources */ = {isa = PBXBuildFile; fileRef = 0AFD8B571EA9C6750038DA28 /* Navigator.swift */; };
		0AFD8B5C1EA9C6750038DA28 /* NotificationManager.swift in Sources */ = {isa = PBXBuildFile; fileRef = 0AFD8B591EA9C6750038DA28 /* NotificationManager.swift */; };
		0AFD8B5E1EA9C6C60038DA28 /* Image.swift in Sources */ = {isa = PBXBuildFile; fileRef = 0AFD8B5D1EA9C6C60038DA28 /* Image.swift */; };
		0AFD8B641EA9DC0B0038DA28 /* ApiClient.swift in Sources */ = {isa = PBXBuildFile; fileRef = 0AFD8B5F1EA9DC0B0038DA28 /* ApiClient.swift */; };
		0AFD8B651EA9DC0B0038DA28 /* ApiError.swift in Sources */ = {isa = PBXBuildFile; fileRef = 0AFD8B601EA9DC0B0038DA28 /* ApiError.swift */; };
		0AFD8B661EA9DC0B0038DA28 /* ApiRequest.swift in Sources */ = {isa = PBXBuildFile; fileRef = 0AFD8B611EA9DC0B0038DA28 /* ApiRequest.swift */; };
		0AFD8B671EA9DC0B0038DA28 /* ApiResponse.swift in Sources */ = {isa = PBXBuildFile; fileRef = 0AFD8B621EA9DC0B0038DA28 /* ApiResponse.swift */; };
		0AFD8B681EA9DC0B0038DA28 /* S3Uploader.swift in Sources */ = {isa = PBXBuildFile; fileRef = 0AFD8B631EA9DC0B0038DA28 /* S3Uploader.swift */; };
		0AFD8B6A1EA9DC740038DA28 /* AppAnalyticsManager.swift in Sources */ = {isa = PBXBuildFile; fileRef = 0AFD8B691EA9DC740038DA28 /* AppAnalyticsManager.swift */; };
		0AFD8B6E1EA9DC9F0038DA28 /* NetworkUtil.swift in Sources */ = {isa = PBXBuildFile; fileRef = 0AFD8B6B1EA9DC9F0038DA28 /* NetworkUtil.swift */; };
		0AFD8B6F1EA9DC9F0038DA28 /* Reachability.swift in Sources */ = {isa = PBXBuildFile; fileRef = 0AFD8B6C1EA9DC9F0038DA28 /* Reachability.swift */; };
		0AFD8B701EA9DC9F0038DA28 /* ResourceProvider.swift in Sources */ = {isa = PBXBuildFile; fileRef = 0AFD8B6D1EA9DC9F0038DA28 /* ResourceProvider.swift */; };
		0AFD8B741EA9DD220038DA28 /* BaseRestApi.swift in Sources */ = {isa = PBXBuildFile; fileRef = 0AFD8B721EA9DD220038DA28 /* BaseRestApi.swift */; };
		0AFD8B751EA9DD220038DA28 /* ImageRestApi.swift in Sources */ = {isa = PBXBuildFile; fileRef = 0AFD8B731EA9DD220038DA28 /* ImageRestApi.swift */; };
		0AFD8B771EA9DD830038DA28 /* Parsable.swift in Sources */ = {isa = PBXBuildFile; fileRef = 0AFD8B761EA9DD830038DA28 /* Parsable.swift */; };
		0AFD8B7B1EA9DF2E0038DA28 /* AnalyticsInfo.swift in Sources */ = {isa = PBXBuildFile; fileRef = 0AFD8B781EA9DF2E0038DA28 /* AnalyticsInfo.swift */; };
		0AFD8B7C1EA9DF2E0038DA28 /* AppSessionInfo.swift in Sources */ = {isa = PBXBuildFile; fileRef = 0AFD8B791EA9DF2E0038DA28 /* AppSessionInfo.swift */; };
		0AFD8B7D1EA9DF2E0038DA28 /* NetworkIssueInfo.swift in Sources */ = {isa = PBXBuildFile; fileRef = 0AFD8B7A1EA9DF2E0038DA28 /* NetworkIssueInfo.swift */; };
		0AFD8B811EA9DFCD0038DA28 /* AnalyticsType.swift in Sources */ = {isa = PBXBuildFile; fileRef = 0AFD8B7F1EA9DFCD0038DA28 /* AnalyticsType.swift */; };
		0AFD8B821EA9DFCD0038DA28 /* EnumComparable.swift in Sources */ = {isa = PBXBuildFile; fileRef = 0AFD8B801EA9DFCD0038DA28 /* EnumComparable.swift */; };
		0AFD8B841EA9E0190038DA28 /* AppConfig.swift in Sources */ = {isa = PBXBuildFile; fileRef = 0AFD8B831EA9E0190038DA28 /* AppConfig.swift */; };
		C4C4B00E5C166CDECE66221C /* Pods_BaseApp.framework in Frameworks */ = {isa = PBXBuildFile; fileRef = 6529132A63F58E444C435B0E /* Pods_BaseApp.framework */; };
/* End PBXBuildFile section */

/* Begin PBXContainerItemProxy section */
		0A022DD11EA9AC9C006043FA /* PBXContainerItemProxy */ = {
			isa = PBXContainerItemProxy;
			containerPortal = 0A022DB41EA9AC9C006043FA /* Project object */;
			proxyType = 1;
			remoteGlobalIDString = 0A022DBB1EA9AC9C006043FA;
			remoteInfo = BaseApp;
		};
		0A022DDC1EA9AC9C006043FA /* PBXContainerItemProxy */ = {
			isa = PBXContainerItemProxy;
			containerPortal = 0A022DB41EA9AC9C006043FA /* Project object */;
			proxyType = 1;
			remoteGlobalIDString = 0A022DBB1EA9AC9C006043FA;
			remoteInfo = BaseApp;
		};
/* End PBXContainerItemProxy section */

/* Begin PBXFileReference section */
		032F59DE26AADC4B30B8EC34 /* Pods_BaseAppUITests.framework */ = {isa = PBXFileReference; explicitFileType = wrapper.framework; includeInIndex = 0; path = Pods_BaseAppUITests.framework; sourceTree = BUILT_PRODUCTS_DIR; };
		0A022DBC1EA9AC9C006043FA /* BaseApp.app */ = {isa = PBXFileReference; explicitFileType = wrapper.application; includeInIndex = 0; path = BaseApp.app; sourceTree = BUILT_PRODUCTS_DIR; };
		0A022DBF1EA9AC9C006043FA /* AppDelegate.swift */ = {isa = PBXFileReference; lastKnownFileType = sourcecode.swift; path = AppDelegate.swift; sourceTree = "<group>"; };
		0A022DC11EA9AC9C006043FA /* ViewController.swift */ = {isa = PBXFileReference; lastKnownFileType = sourcecode.swift; path = ViewController.swift; sourceTree = "<group>"; };
		0A022DC41EA9AC9C006043FA /* Base */ = {isa = PBXFileReference; lastKnownFileType = file.storyboard; name = Base; path = Base.lproj/Main.storyboard; sourceTree = "<group>"; };
		0A022DC61EA9AC9C006043FA /* Assets.xcassets */ = {isa = PBXFileReference; lastKnownFileType = folder.assetcatalog; path = Assets.xcassets; sourceTree = "<group>"; };
		0A022DC91EA9AC9C006043FA /* Base */ = {isa = PBXFileReference; lastKnownFileType = file.storyboard; name = Base; path = Base.lproj/LaunchScreen.storyboard; sourceTree = "<group>"; };
		0A022DCB1EA9AC9C006043FA /* Info.plist */ = {isa = PBXFileReference; lastKnownFileType = text.plist.xml; path = Info.plist; sourceTree = "<group>"; };
		0A022DD01EA9AC9C006043FA /* BaseAppTests.xctest */ = {isa = PBXFileReference; explicitFileType = wrapper.cfbundle; includeInIndex = 0; path = BaseAppTests.xctest; sourceTree = BUILT_PRODUCTS_DIR; };
		0A022DD41EA9AC9C006043FA /* BaseAppTests.swift */ = {isa = PBXFileReference; lastKnownFileType = sourcecode.swift; path = BaseAppTests.swift; sourceTree = "<group>"; };
		0A022DD61EA9AC9C006043FA /* Info.plist */ = {isa = PBXFileReference; lastKnownFileType = text.plist.xml; path = Info.plist; sourceTree = "<group>"; };
		0A022DDB1EA9AC9C006043FA /* BaseAppUITests.xctest */ = {isa = PBXFileReference; explicitFileType = wrapper.cfbundle; includeInIndex = 0; path = BaseAppUITests.xctest; sourceTree = BUILT_PRODUCTS_DIR; };
		0A022DDF1EA9AC9C006043FA /* BaseAppUITests.swift */ = {isa = PBXFileReference; lastKnownFileType = sourcecode.swift; path = BaseAppUITests.swift; sourceTree = "<group>"; };
		0A022DE11EA9AC9C006043FA /* Info.plist */ = {isa = PBXFileReference; lastKnownFileType = text.plist.xml; path = Info.plist; sourceTree = "<group>"; };
		0A022DF81EA9B831006043FA /* Const.swift */ = {isa = PBXFileReference; fileEncoding = 4; lastKnownFileType = sourcecode.swift; path = Const.swift; sourceTree = "<group>"; };
		0A022DF91EA9B831006043FA /* DatabaseMaster.swift */ = {isa = PBXFileReference; fileEncoding = 4; lastKnownFileType = sourcecode.swift; path = DatabaseMaster.swift; sourceTree = "<group>"; };
		0A022DFA1EA9B831006043FA /* DatabaseQuery.swift */ = {isa = PBXFileReference; fileEncoding = 4; lastKnownFileType = sourcecode.swift; path = DatabaseQuery.swift; sourceTree = "<group>"; };
		0A022DFB1EA9B831006043FA /* DatabaseSession.swift */ = {isa = PBXFileReference; fileEncoding = 4; lastKnownFileType = sourcecode.swift; path = DatabaseSession.swift; sourceTree = "<group>"; };
		0A022E051EA9BF8B006043FA /* User.swift */ = {isa = PBXFileReference; fileEncoding = 4; lastKnownFileType = sourcecode.swift; path = User.swift; sourceTree = "<group>"; };
		0A022E071EA9C08D006043FA /* DatabaseUseCase.swift */ = {isa = PBXFileReference; fileEncoding = 4; lastKnownFileType = sourcecode.swift; path = DatabaseUseCase.swift; sourceTree = "<group>"; };
		0AFD8B491EA9C43B0038DA28 /* CoreData.framework */ = {isa = PBXFileReference; lastKnownFileType = wrapper.framework; name = CoreData.framework; path = System/Library/Frameworks/CoreData.framework; sourceTree = SDKROOT; };
		0AFD8B4B1EA9C4440038DA28 /* Security.framework */ = {isa = PBXFileReference; lastKnownFileType = wrapper.framework; name = Security.framework; path = System/Library/Frameworks/Security.framework; sourceTree = SDKROOT; };
		0AFD8B4D1EA9C44F0038DA28 /* SystemConfiguration.framework */ = {isa = PBXFileReference; lastKnownFileType = wrapper.framework; name = SystemConfiguration.framework; path = System/Library/Frameworks/SystemConfiguration.framework; sourceTree = SDKROOT; };
		0AFD8B4F1EA9C46E0038DA28 /* CoreGraphics.framework */ = {isa = PBXFileReference; lastKnownFileType = wrapper.framework; name = CoreGraphics.framework; path = System/Library/Frameworks/CoreGraphics.framework; sourceTree = SDKROOT; };
		0AFD8B511EA9C4740038DA28 /* CoreLocation.framework */ = {isa = PBXFileReference; lastKnownFileType = wrapper.framework; name = CoreLocation.framework; path = System/Library/Frameworks/CoreLocation.framework; sourceTree = SDKROOT; };
		0AFD8B531EA9C5270038DA28 /* Extensions.swift */ = {isa = PBXFileReference; fileEncoding = 4; lastKnownFileType = sourcecode.swift; path = Extensions.swift; sourceTree = "<group>"; };
		0AFD8B551EA9C5B10038DA28 /* CacheManager.swift */ = {isa = PBXFileReference; fileEncoding = 4; lastKnownFileType = sourcecode.swift; path = CacheManager.swift; sourceTree = "<group>"; };
		0AFD8B571EA9C6750038DA28 /* Navigator.swift */ = {isa = PBXFileReference; fileEncoding = 4; lastKnownFileType = sourcecode.swift; path = Navigator.swift; sourceTree = "<group>"; };
		0AFD8B591EA9C6750038DA28 /* NotificationManager.swift */ = {isa = PBXFileReference; fileEncoding = 4; lastKnownFileType = sourcecode.swift; path = NotificationManager.swift; sourceTree = "<group>"; };
		0AFD8B5D1EA9C6C60038DA28 /* Image.swift */ = {isa = PBXFileReference; fileEncoding = 4; lastKnownFileType = sourcecode.swift; path = Image.swift; sourceTree = "<group>"; };
		0AFD8B5F1EA9DC0B0038DA28 /* ApiClient.swift */ = {isa = PBXFileReference; fileEncoding = 4; lastKnownFileType = sourcecode.swift; path = ApiClient.swift; sourceTree = "<group>"; };
		0AFD8B601EA9DC0B0038DA28 /* ApiError.swift */ = {isa = PBXFileReference; fileEncoding = 4; lastKnownFileType = sourcecode.swift; path = ApiError.swift; sourceTree = "<group>"; };
		0AFD8B611EA9DC0B0038DA28 /* ApiRequest.swift */ = {isa = PBXFileReference; fileEncoding = 4; lastKnownFileType = sourcecode.swift; path = ApiRequest.swift; sourceTree = "<group>"; };
		0AFD8B621EA9DC0B0038DA28 /* ApiResponse.swift */ = {isa = PBXFileReference; fileEncoding = 4; lastKnownFileType = sourcecode.swift; path = ApiResponse.swift; sourceTree = "<group>"; };
		0AFD8B631EA9DC0B0038DA28 /* S3Uploader.swift */ = {isa = PBXFileReference; fileEncoding = 4; lastKnownFileType = sourcecode.swift; path = S3Uploader.swift; sourceTree = "<group>"; };
		0AFD8B691EA9DC740038DA28 /* AppAnalyticsManager.swift */ = {isa = PBXFileReference; fileEncoding = 4; lastKnownFileType = sourcecode.swift; path = AppAnalyticsManager.swift; sourceTree = "<group>"; };
		0AFD8B6B1EA9DC9F0038DA28 /* NetworkUtil.swift */ = {isa = PBXFileReference; fileEncoding = 4; lastKnownFileType = sourcecode.swift; path = NetworkUtil.swift; sourceTree = "<group>"; };
		0AFD8B6C1EA9DC9F0038DA28 /* Reachability.swift */ = {isa = PBXFileReference; fileEncoding = 4; lastKnownFileType = sourcecode.swift; path = Reachability.swift; sourceTree = "<group>"; };
		0AFD8B6D1EA9DC9F0038DA28 /* ResourceProvider.swift */ = {isa = PBXFileReference; fileEncoding = 4; lastKnownFileType = sourcecode.swift; path = ResourceProvider.swift; sourceTree = "<group>"; };
		0AFD8B721EA9DD220038DA28 /* BaseRestApi.swift */ = {isa = PBXFileReference; fileEncoding = 4; lastKnownFileType = sourcecode.swift; path = BaseRestApi.swift; sourceTree = "<group>"; };
		0AFD8B731EA9DD220038DA28 /* ImageRestApi.swift */ = {isa = PBXFileReference; fileEncoding = 4; lastKnownFileType = sourcecode.swift; path = ImageRestApi.swift; sourceTree = "<group>"; };
		0AFD8B761EA9DD830038DA28 /* Parsable.swift */ = {isa = PBXFileReference; fileEncoding = 4; lastKnownFileType = sourcecode.swift; path = Parsable.swift; sourceTree = "<group>"; };
		0AFD8B781EA9DF2E0038DA28 /* AnalyticsInfo.swift */ = {isa = PBXFileReference; fileEncoding = 4; lastKnownFileType = sourcecode.swift; path = AnalyticsInfo.swift; sourceTree = "<group>"; };
		0AFD8B791EA9DF2E0038DA28 /* AppSessionInfo.swift */ = {isa = PBXFileReference; fileEncoding = 4; lastKnownFileType = sourcecode.swift; path = AppSessionInfo.swift; sourceTree = "<group>"; };
		0AFD8B7A1EA9DF2E0038DA28 /* NetworkIssueInfo.swift */ = {isa = PBXFileReference; fileEncoding = 4; lastKnownFileType = sourcecode.swift; path = NetworkIssueInfo.swift; sourceTree = "<group>"; };
		0AFD8B7F1EA9DFCD0038DA28 /* AnalyticsType.swift */ = {isa = PBXFileReference; fileEncoding = 4; lastKnownFileType = sourcecode.swift; path = AnalyticsType.swift; sourceTree = "<group>"; };
		0AFD8B801EA9DFCD0038DA28 /* EnumComparable.swift */ = {isa = PBXFileReference; fileEncoding = 4; lastKnownFileType = sourcecode.swift; path = EnumComparable.swift; sourceTree = "<group>"; };
		0AFD8B831EA9E0190038DA28 /* AppConfig.swift */ = {isa = PBXFileReference; fileEncoding = 4; lastKnownFileType = sourcecode.swift; path = AppConfig.swift; sourceTree = "<group>"; };
		32FA70F920364ACF867C5A47 /* Pods-BaseApp.debug.xcconfig */ = {isa = PBXFileReference; includeInIndex = 1; lastKnownFileType = text.xcconfig; name = "Pods-BaseApp.debug.xcconfig"; path = "Pods/Target Support Files/Pods-BaseApp/Pods-BaseApp.debug.xcconfig"; sourceTree = "<group>"; };
		446E63D4FA0006F9958B1599 /* Pods-BaseApp.release.xcconfig */ = {isa = PBXFileReference; includeInIndex = 1; lastKnownFileType = text.xcconfig; name = "Pods-BaseApp.release.xcconfig"; path = "Pods/Target Support Files/Pods-BaseApp/Pods-BaseApp.release.xcconfig"; sourceTree = "<group>"; };
		6529132A63F58E444C435B0E /* Pods_BaseApp.framework */ = {isa = PBXFileReference; explicitFileType = wrapper.framework; includeInIndex = 0; path = Pods_BaseApp.framework; sourceTree = BUILT_PRODUCTS_DIR; };
		E1E4F42EFD208BBB2BE85303 /* Pods_BaseAppTests.framework */ = {isa = PBXFileReference; explicitFileType = wrapper.framework; includeInIndex = 0; path = Pods_BaseAppTests.framework; sourceTree = BUILT_PRODUCTS_DIR; };
/* End PBXFileReference section */

/* Begin PBXFrameworksBuildPhase section */
		0A022DB91EA9AC9C006043FA /* Frameworks */ = {
			isa = PBXFrameworksBuildPhase;
			buildActionMask = 2147483647;
			files = (
				0AFD8B521EA9C4740038DA28 /* CoreLocation.framework in Frameworks */,
				0AFD8B501EA9C46E0038DA28 /* CoreGraphics.framework in Frameworks */,
				0AFD8B4E1EA9C44F0038DA28 /* SystemConfiguration.framework in Frameworks */,
				0AFD8B4C1EA9C4440038DA28 /* Security.framework in Frameworks */,
				0AFD8B4A1EA9C43B0038DA28 /* CoreData.framework in Frameworks */,
				C4C4B00E5C166CDECE66221C /* Pods_BaseApp.framework in Frameworks */,
			);
			runOnlyForDeploymentPostprocessing = 0;
		};
		0A022DCD1EA9AC9C006043FA /* Frameworks */ = {
			isa = PBXFrameworksBuildPhase;
			buildActionMask = 2147483647;
			files = (
			);
			runOnlyForDeploymentPostprocessing = 0;
		};
		0A022DD81EA9AC9C006043FA /* Frameworks */ = {
			isa = PBXFrameworksBuildPhase;
			buildActionMask = 2147483647;
			files = (
			);
			runOnlyForDeploymentPostprocessing = 0;
		};
/* End PBXFrameworksBuildPhase section */

/* Begin PBXGroup section */
		0A022DB31EA9AC9C006043FA = {
			isa = PBXGroup;
			children = (
				F6BF68FB54B305B26407BDE3 /* Pods */,
				8F8B2CA191DA3F279315415A /* Frameworks */,
				0A022DBE1EA9AC9C006043FA /* BaseApp */,
				0A022DBD1EA9AC9C006043FA /* Products */,
			);
			sourceTree = "<group>";
		};
		0A022DBD1EA9AC9C006043FA /* Products */ = {
			isa = PBXGroup;
			children = (
				0A022DBC1EA9AC9C006043FA /* BaseApp.app */,
				0A022DD01EA9AC9C006043FA /* BaseAppTests.xctest */,
				0A022DDB1EA9AC9C006043FA /* BaseAppUITests.xctest */,
			);
			name = Products;
			sourceTree = "<group>";
		};
		0A022DBE1EA9AC9C006043FA /* BaseApp */ = {
			isa = PBXGroup;
			children = (
				0A022DBF1EA9AC9C006043FA /* AppDelegate.swift */,
				0A022DF01EA9B64B006043FA /* App */,
				0A022DF21EA9B660006043FA /* Resource */,
				0A022DF71EA9B7B4006043FA /* Supporting Files */,
			);
			path = BaseApp;
			sourceTree = "<group>";
		};
		0A022DD31EA9AC9C006043FA /* BaseAppTests */ = {
			isa = PBXGroup;
			children = (
				0A022DD41EA9AC9C006043FA /* BaseAppTests.swift */,
				0A022DD61EA9AC9C006043FA /* Info.plist */,
			);
			path = BaseAppTests;
			sourceTree = SOURCE_ROOT;
		};
		0A022DDE1EA9AC9C006043FA /* BaseAppUITests */ = {
			isa = PBXGroup;
			children = (
				0A022DDF1EA9AC9C006043FA /* BaseAppUITests.swift */,
				0A022DE11EA9AC9C006043FA /* Info.plist */,
			);
			path = BaseAppUITests;
			sourceTree = SOURCE_ROOT;
		};
		0A022DF01EA9B64B006043FA /* App */ = {
			isa = PBXGroup;
			children = (
				0AFD8B711EA9DD080038DA28 /* RestApi */,
				0A022DF11EA9B653006043FA /* Api */,
				0A022DF61EA9B773006043FA /* Util */,
				0A022DF51EA9B76C006043FA /* UI */,
				0A022DF41EA9B731006043FA /* UserCase */,
				0A022DF31EA9B72C006043FA /* Data */,
			);
			name = App;
			sourceTree = "<group>";
		};
		0A022DF11EA9B653006043FA /* Api */ = {
			isa = PBXGroup;
			children = (
				0AFD8B5F1EA9DC0B0038DA28 /* ApiClient.swift */,
				0AFD8B601EA9DC0B0038DA28 /* ApiError.swift */,
				0AFD8B611EA9DC0B0038DA28 /* ApiRequest.swift */,
				0AFD8B621EA9DC0B0038DA28 /* ApiResponse.swift */,
				0AFD8B631EA9DC0B0038DA28 /* S3Uploader.swift */,
			);
			name = Api;
			sourceTree = "<group>";
		};
		0A022DF21EA9B660006043FA /* Resource */ = {
			isa = PBXGroup;
			children = (
				0A022DC31EA9AC9C006043FA /* Main.storyboard */,
				0A022DC61EA9AC9C006043FA /* Assets.xcassets */,
				0A022DC81EA9AC9C006043FA /* LaunchScreen.storyboard */,
				0A022DCB1EA9AC9C006043FA /* Info.plist */,
			);
			name = Resource;
			sourceTree = "<group>";
		};
		0A022DF31EA9B72C006043FA /* Data */ = {
			isa = PBXGroup;
			children = (
				0AFD8B7E1EA9DF7B0038DA28 /* Enum */,
				0A022E011EA9BE62006043FA /* OfflineDatabase */,
				0A022E001EA9BE4F006043FA /* Constants */,
			);
			name = Data;
			sourceTree = "<group>";
		};
		0A022DF41EA9B731006043FA /* UserCase */ = {
			isa = PBXGroup;
			children = (
				0A022E071EA9C08D006043FA /* DatabaseUseCase.swift */,
			);
			name = UserCase;
			sourceTree = "<group>";
		};
		0A022DF51EA9B76C006043FA /* UI */ = {
			isa = PBXGroup;
			children = (
				0A022DC11EA9AC9C006043FA /* ViewController.swift */,
			);
			name = UI;
			sourceTree = "<group>";
		};
		0A022DF61EA9B773006043FA /* Util */ = {
			isa = PBXGroup;
			children = (
				0AFD8B831EA9E0190038DA28 /* AppConfig.swift */,
				0AFD8B6B1EA9DC9F0038DA28 /* NetworkUtil.swift */,
				0AFD8B6C1EA9DC9F0038DA28 /* Reachability.swift */,
				0AFD8B6D1EA9DC9F0038DA28 /* ResourceProvider.swift */,
				0AFD8B691EA9DC740038DA28 /* AppAnalyticsManager.swift */,
				0AFD8B531EA9C5270038DA28 /* Extensions.swift */,
				0AFD8B551EA9C5B10038DA28 /* CacheManager.swift */,
				0AFD8B571EA9C6750038DA28 /* Navigator.swift */,
				0AFD8B591EA9C6750038DA28 /* NotificationManager.swift */,
			);
			name = Util;
			sourceTree = "<group>";
		};
		0A022DF71EA9B7B4006043FA /* Supporting Files */ = {
			isa = PBXGroup;
			children = (
				0A022DD31EA9AC9C006043FA /* BaseAppTests */,
				0A022DDE1EA9AC9C006043FA /* BaseAppUITests */,
			);
			name = "Supporting Files";
			sourceTree = "<group>";
		};
		0A022E001EA9BE4F006043FA /* Constants */ = {
			isa = PBXGroup;
			children = (
				0A022DF81EA9B831006043FA /* Const.swift */,
			);
			name = Constants;
			sourceTree = "<group>";
		};
		0A022E011EA9BE62006043FA /* OfflineDatabase */ = {
			isa = PBXGroup;
			children = (
				0A022E021EA9BEBD006043FA /* Realm */,
				0A022E031EA9BEE4006043FA /* Model */,
			);
			name = OfflineDatabase;
			sourceTree = "<group>";
		};
		0A022E021EA9BEBD006043FA /* Realm */ = {
			isa = PBXGroup;
			children = (
				0A022DF91EA9B831006043FA /* DatabaseMaster.swift */,
				0A022DFA1EA9B831006043FA /* DatabaseQuery.swift */,
				0A022DFB1EA9B831006043FA /* DatabaseSession.swift */,
			);
			name = Realm;
			sourceTree = "<group>";
		};
		0A022E031EA9BEE4006043FA /* Model */ = {
			isa = PBXGroup;
			children = (
				0AFD8B781EA9DF2E0038DA28 /* AnalyticsInfo.swift */,
				0AFD8B791EA9DF2E0038DA28 /* AppSessionInfo.swift */,
				0AFD8B7A1EA9DF2E0038DA28 /* NetworkIssueInfo.swift */,
				0AFD8B5D1EA9C6C60038DA28 /* Image.swift */,
				0A022E051EA9BF8B006043FA /* User.swift */,
			);
			name = Model;
			sourceTree = "<group>";
		};
		0AFD8B711EA9DD080038DA28 /* RestApi */ = {
			isa = PBXGroup;
			children = (
				0AFD8B761EA9DD830038DA28 /* Parsable.swift */,
				0AFD8B721EA9DD220038DA28 /* BaseRestApi.swift */,
				0AFD8B731EA9DD220038DA28 /* ImageRestApi.swift */,
			);
			name = RestApi;
			sourceTree = "<group>";
		};
		0AFD8B7E1EA9DF7B0038DA28 /* Enum */ = {
			isa = PBXGroup;
			children = (
				0AFD8B7F1EA9DFCD0038DA28 /* AnalyticsType.swift */,
				0AFD8B801EA9DFCD0038DA28 /* EnumComparable.swift */,
			);
			name = Enum;
			sourceTree = "<group>";
		};
		8F8B2CA191DA3F279315415A /* Frameworks */ = {
			isa = PBXGroup;
			children = (
				0AFD8B511EA9C4740038DA28 /* CoreLocation.framework */,
				0AFD8B4F1EA9C46E0038DA28 /* CoreGraphics.framework */,
				0AFD8B4D1EA9C44F0038DA28 /* SystemConfiguration.framework */,
				0AFD8B4B1EA9C4440038DA28 /* Security.framework */,
				0AFD8B491EA9C43B0038DA28 /* CoreData.framework */,
				6529132A63F58E444C435B0E /* Pods_BaseApp.framework */,
				E1E4F42EFD208BBB2BE85303 /* Pods_BaseAppTests.framework */,
				032F59DE26AADC4B30B8EC34 /* Pods_BaseAppUITests.framework */,
			);
			name = Frameworks;
			sourceTree = "<group>";
		};
		F6BF68FB54B305B26407BDE3 /* Pods */ = {
			isa = PBXGroup;
			children = (
				32FA70F920364ACF867C5A47 /* Pods-BaseApp.debug.xcconfig */,
				446E63D4FA0006F9958B1599 /* Pods-BaseApp.release.xcconfig */,
			);
			name = Pods;
			sourceTree = "<group>";
		};
/* End PBXGroup section */

/* Begin PBXNativeTarget section */
		0A022DBB1EA9AC9C006043FA /* BaseApp */ = {
			isa = PBXNativeTarget;
			buildConfigurationList = 0A022DE41EA9AC9C006043FA /* Build configuration list for PBXNativeTarget "BaseApp" */;
			buildPhases = (
				0006DA84CEF5474A23FB6978 /* [CP] Check Pods Manifest.lock */,
				0A022DB81EA9AC9C006043FA /* Sources */,
				0A022DB91EA9AC9C006043FA /* Frameworks */,
				0A022DBA1EA9AC9C006043FA /* Resources */,
				1E7DCCDBF52322F2CF6F77AC /* [CP] Embed Pods Frameworks */,
				8320C59F00A33FD0DB96D3BF /* [CP] Copy Pods Resources */,
			);
			buildRules = (
			);
			dependencies = (
			);
			name = BaseApp;
			productName = BaseApp;
			productReference = 0A022DBC1EA9AC9C006043FA /* BaseApp.app */;
			productType = "com.apple.product-type.application";
		};
		0A022DCF1EA9AC9C006043FA /* BaseAppTests */ = {
			isa = PBXNativeTarget;
			buildConfigurationList = 0A022DE71EA9AC9C006043FA /* Build configuration list for PBXNativeTarget "BaseAppTests" */;
			buildPhases = (
				0A022DCC1EA9AC9C006043FA /* Sources */,
				0A022DCD1EA9AC9C006043FA /* Frameworks */,
				0A022DCE1EA9AC9C006043FA /* Resources */,
			);
			buildRules = (
			);
			dependencies = (
				0A022DD21EA9AC9C006043FA /* PBXTargetDependency */,
			);
			name = BaseAppTests;
			productName = BaseAppTests;
			productReference = 0A022DD01EA9AC9C006043FA /* BaseAppTests.xctest */;
			productType = "com.apple.product-type.bundle.unit-test";
		};
		0A022DDA1EA9AC9C006043FA /* BaseAppUITests */ = {
			isa = PBXNativeTarget;
			buildConfigurationList = 0A022DEA1EA9AC9C006043FA /* Build configuration list for PBXNativeTarget "BaseAppUITests" */;
			buildPhases = (
				0A022DD71EA9AC9C006043FA /* Sources */,
				0A022DD81EA9AC9C006043FA /* Frameworks */,
				0A022DD91EA9AC9C006043FA /* Resources */,
			);
			buildRules = (
			);
			dependencies = (
				0A022DDD1EA9AC9C006043FA /* PBXTargetDependency */,
			);
			name = BaseAppUITests;
			productName = BaseAppUITests;
			productReference = 0A022DDB1EA9AC9C006043FA /* BaseAppUITests.xctest */;
			productType = "com.apple.product-type.bundle.ui-testing";
		};
/* End PBXNativeTarget section */

/* Begin PBXProject section */
		0A022DB41EA9AC9C006043FA /* Project object */ = {
			isa = PBXProject;
			attributes = {
				LastSwiftUpdateCheck = 0830;
				LastUpgradeCheck = 0830;
				ORGANIZATIONNAME = D.ace;
				TargetAttributes = {
					0A022DBB1EA9AC9C006043FA = {
						CreatedOnToolsVersion = 8.3.1;
						ProvisioningStyle = Manual;
					};
					0A022DCF1EA9AC9C006043FA = {
						CreatedOnToolsVersion = 8.3.1;
						ProvisioningStyle = Automatic;
						TestTargetID = 0A022DBB1EA9AC9C006043FA;
					};
					0A022DDA1EA9AC9C006043FA = {
						CreatedOnToolsVersion = 8.3.1;
						ProvisioningStyle = Automatic;
						TestTargetID = 0A022DBB1EA9AC9C006043FA;
					};
				};
			};
			buildConfigurationList = 0A022DB71EA9AC9C006043FA /* Build configuration list for PBXProject "BaseApp" */;
			compatibilityVersion = "Xcode 3.2";
			developmentRegion = English;
			hasScannedForEncodings = 0;
			knownRegions = (
				en,
				Base,
			);
			mainGroup = 0A022DB31EA9AC9C006043FA;
			productRefGroup = 0A022DBD1EA9AC9C006043FA /* Products */;
			projectDirPath = "";
			projectRoot = "";
			targets = (
				0A022DBB1EA9AC9C006043FA /* BaseApp */,
				0A022DCF1EA9AC9C006043FA /* BaseAppTests */,
				0A022DDA1EA9AC9C006043FA /* BaseAppUITests */,
			);
		};
/* End PBXProject section */

/* Begin PBXResourcesBuildPhase section */
		0A022DBA1EA9AC9C006043FA /* Resources */ = {
			isa = PBXResourcesBuildPhase;
			buildActionMask = 2147483647;
			files = (
				0A022DCA1EA9AC9C006043FA /* LaunchScreen.storyboard in Resources */,
				0A022DC71EA9AC9C006043FA /* Assets.xcassets in Resources */,
				0A022DC51EA9AC9C006043FA /* Main.storyboard in Resources */,
			);
			runOnlyForDeploymentPostprocessing = 0;
		};
		0A022DCE1EA9AC9C006043FA /* Resources */ = {
			isa = PBXResourcesBuildPhase;
			buildActionMask = 2147483647;
			files = (
			);
			runOnlyForDeploymentPostprocessing = 0;
		};
		0A022DD91EA9AC9C006043FA /* Resources */ = {
			isa = PBXResourcesBuildPhase;
			buildActionMask = 2147483647;
			files = (
			);
			runOnlyForDeploymentPostprocessing = 0;
		};
/* End PBXResourcesBuildPhase section */

/* Begin PBXShellScriptBuildPhase section */
		0006DA84CEF5474A23FB6978 /* [CP] Check Pods Manifest.lock */ = {
			isa = PBXShellScriptBuildPhase;
			buildActionMask = 2147483647;
			files = (
			);
			inputPaths = (
			);
			name = "[CP] Check Pods Manifest.lock";
			outputPaths = (
			);
			runOnlyForDeploymentPostprocessing = 0;
			shellPath = /bin/sh;
			shellScript = "diff \"${PODS_PODFILE_DIR_PATH}/Podfile.lock\" \"${PODS_ROOT}/Manifest.lock\" > /dev/null\nif [ $? != 0 ] ; then\n    # print error to STDERR\n    echo \"error: The sandbox is not in sync with the Podfile.lock. Run 'pod install' or update your CocoaPods installation.\" >&2\n    exit 1\nfi\n";
			showEnvVarsInLog = 0;
		};
		1E7DCCDBF52322F2CF6F77AC /* [CP] Embed Pods Frameworks */ = {
			isa = PBXShellScriptBuildPhase;
			buildActionMask = 2147483647;
			files = (
			);
			inputPaths = (
			);
			name = "[CP] Embed Pods Frameworks";
			outputPaths = (
			);
			runOnlyForDeploymentPostprocessing = 0;
			shellPath = /bin/sh;
			shellScript = "\"${SRCROOT}/Pods/Target Support Files/Pods-BaseApp/Pods-BaseApp-frameworks.sh\"\n";
			showEnvVarsInLog = 0;
		};
		8320C59F00A33FD0DB96D3BF /* [CP] Copy Pods Resources */ = {
			isa = PBXShellScriptBuildPhase;
			buildActionMask = 2147483647;
			files = (
			);
			inputPaths = (
			);
			name = "[CP] Copy Pods Resources";
			outputPaths = (
			);
			runOnlyForDeploymentPostprocessing = 0;
			shellPath = /bin/sh;
			shellScript = "\"${SRCROOT}/Pods/Target Support Files/Pods-BaseApp/Pods-BaseApp-resources.sh\"\n";
			showEnvVarsInLog = 0;
		};
/* End PBXShellScriptBuildPhase section */

/* Begin PBXSourcesBuildPhase section */
		0A022DB81EA9AC9C006043FA /* Sources */ = {
			isa = PBXSourcesBuildPhase;
			buildActionMask = 2147483647;
			files = (
				0AFD8B701EA9DC9F0038DA28 /* ResourceProvider.swift in Sources */,
				0AFD8B6E1EA9DC9F0038DA28 /* NetworkUtil.swift in Sources */,
				0A022DFD1EA9B831006043FA /* DatabaseMaster.swift in Sources */,
				0AFD8B541EA9C5270038DA28 /* Extensions.swift in Sources */,
				0AFD8B7D1EA9DF2E0038DA28 /* NetworkIssueInfo.swift in Sources */,
				0AFD8B7C1EA9DF2E0038DA28 /* AppSessionInfo.swift in Sources */,
				0A022DC21EA9AC9C006043FA /* ViewController.swift in Sources */,
				0AFD8B771EA9DD830038DA28 /* Parsable.swift in Sources */,
				0AFD8B821EA9DFCD0038DA28 /* EnumComparable.swift in Sources */,
				0A022DC01EA9AC9C006043FA /* AppDelegate.swift in Sources */,
				0AFD8B811EA9DFCD0038DA28 /* AnalyticsType.swift in Sources */,
				0A022DFE1EA9B831006043FA /* DatabaseQuery.swift in Sources */,
				0AFD8B5A1EA9C6750038DA28 /* Navigator.swift in Sources */,
				0AFD8B741EA9DD220038DA28 /* BaseRestApi.swift in Sources */,
				0AFD8B6A1EA9DC740038DA28 /* AppAnalyticsManager.swift in Sources */,
				0AFD8B5C1EA9C6750038DA28 /* NotificationManager.swift in Sources */,
				0AFD8B641EA9DC0B0038DA28 /* ApiClient.swift in Sources */,
				0AFD8B651EA9DC0B0038DA28 /* ApiError.swift in Sources */,
				0AFD8B841EA9E0190038DA28 /* AppConfig.swift in Sources */,
				0AFD8B7B1EA9DF2E0038DA28 /* AnalyticsInfo.swift in Sources */,
				0AFD8B5E1EA9C6C60038DA28 /* Image.swift in Sources */,
				0AFD8B671EA9DC0B0038DA28 /* ApiResponse.swift in Sources */,
				0AFD8B681EA9DC0B0038DA28 /* S3Uploader.swift in Sources */,
				0AFD8B751EA9DD220038DA28 /* ImageRestApi.swift in Sources */,
				0AFD8B6F1EA9DC9F0038DA28 /* Reachability.swift in Sources */,
				0A022DFC1EA9B831006043FA /* Const.swift in Sources */,
				0AFD8B561EA9C5B10038DA28 /* CacheManager.swift in Sources */,
				0A022DFF1EA9B831006043FA /* DatabaseSession.swift in Sources */,
				0A022E081EA9C08D006043FA /* DatabaseUseCase.swift in Sources */,
				0AFD8B661EA9DC0B0038DA28 /* ApiRequest.swift in Sources */,
				0A022E061EA9BF8B006043FA /* User.swift in Sources */,
			);
			runOnlyForDeploymentPostprocessing = 0;
		};
		0A022DCC1EA9AC9C006043FA /* Sources */ = {
			isa = PBXSourcesBuildPhase;
			buildActionMask = 2147483647;
			files = (
				0A022DD51EA9AC9C006043FA /* BaseAppTests.swift in Sources */,
			);
			runOnlyForDeploymentPostprocessing = 0;
		};
		0A022DD71EA9AC9C006043FA /* Sources */ = {
			isa = PBXSourcesBuildPhase;
			buildActionMask = 2147483647;
			files = (
				0A022DE01EA9AC9C006043FA /* BaseAppUITests.swift in Sources */,
			);
			runOnlyForDeploymentPostprocessing = 0;
		};
/* End PBXSourcesBuildPhase section */

/* Begin PBXTargetDependency section */
		0A022DD21EA9AC9C006043FA /* PBXTargetDependency */ = {
			isa = PBXTargetDependency;
			target = 0A022DBB1EA9AC9C006043FA /* BaseApp */;
			targetProxy = 0A022DD11EA9AC9C006043FA /* PBXContainerItemProxy */;
		};
		0A022DDD1EA9AC9C006043FA /* PBXTargetDependency */ = {
			isa = PBXTargetDependency;
			target = 0A022DBB1EA9AC9C006043FA /* BaseApp */;
			targetProxy = 0A022DDC1EA9AC9C006043FA /* PBXContainerItemProxy */;
		};
/* End PBXTargetDependency section */

/* Begin PBXVariantGroup section */
		0A022DC31EA9AC9C006043FA /* Main.storyboard */ = {
			isa = PBXVariantGroup;
			children = (
				0A022DC41EA9AC9C006043FA /* Base */,
			);
			name = Main.storyboard;
			sourceTree = "<group>";
		};
		0A022DC81EA9AC9C006043FA /* LaunchScreen.storyboard */ = {
			isa = PBXVariantGroup;
			children = (
				0A022DC91EA9AC9C006043FA /* Base */,
			);
			name = LaunchScreen.storyboard;
			sourceTree = "<group>";
		};
/* End PBXVariantGroup section */

/* Begin XCBuildConfiguration section */
		0A022DE21EA9AC9C006043FA /* Debug */ = {
			isa = XCBuildConfiguration;
			buildSettings = {
				ALWAYS_SEARCH_USER_PATHS = NO;
				CLANG_ANALYZER_NONNULL = YES;
				CLANG_ANALYZER_NUMBER_OBJECT_CONVERSION = YES_AGGRESSIVE;
				CLANG_CXX_LANGUAGE_STANDARD = "gnu++0x";
				CLANG_CXX_LIBRARY = "libc++";
				CLANG_ENABLE_MODULES = YES;
				CLANG_ENABLE_OBJC_ARC = YES;
				CLANG_WARN_BOOL_CONVERSION = YES;
				CLANG_WARN_CONSTANT_CONVERSION = YES;
				CLANG_WARN_DIRECT_OBJC_ISA_USAGE = YES_ERROR;
				CLANG_WARN_DOCUMENTATION_COMMENTS = YES;
				CLANG_WARN_EMPTY_BODY = YES;
				CLANG_WARN_ENUM_CONVERSION = YES;
				CLANG_WARN_INFINITE_RECURSION = YES;
				CLANG_WARN_INT_CONVERSION = YES;
				CLANG_WARN_OBJC_ROOT_CLASS = YES_ERROR;
				CLANG_WARN_SUSPICIOUS_MOVE = YES;
				CLANG_WARN_UNREACHABLE_CODE = YES;
				CLANG_WARN__DUPLICATE_METHOD_MATCH = YES;
				"CODE_SIGN_IDENTITY[sdk=iphoneos*]" = "iPhone Developer";
				COPY_PHASE_STRIP = NO;
				DEBUG_INFORMATION_FORMAT = dwarf;
				ENABLE_STRICT_OBJC_MSGSEND = YES;
				ENABLE_TESTABILITY = YES;
				GCC_C_LANGUAGE_STANDARD = gnu99;
				GCC_DYNAMIC_NO_PIC = NO;
				GCC_NO_COMMON_BLOCKS = YES;
				GCC_OPTIMIZATION_LEVEL = 0;
				GCC_PREPROCESSOR_DEFINITIONS = (
					"DEBUG=1",
					"$(inherited)",
				);
				GCC_WARN_64_TO_32_BIT_CONVERSION = YES;
				GCC_WARN_ABOUT_RETURN_TYPE = YES_ERROR;
				GCC_WARN_UNDECLARED_SELECTOR = YES;
				GCC_WARN_UNINITIALIZED_AUTOS = YES_AGGRESSIVE;
				GCC_WARN_UNUSED_FUNCTION = YES;
				GCC_WARN_UNUSED_VARIABLE = YES;
				IPHONEOS_DEPLOYMENT_TARGET = 10.3;
				MTL_ENABLE_DEBUG_INFO = YES;
				ONLY_ACTIVE_ARCH = YES;
				SDKROOT = iphoneos;
				SWIFT_ACTIVE_COMPILATION_CONDITIONS = DEBUG;
				SWIFT_OPTIMIZATION_LEVEL = "-Onone";
				TARGETED_DEVICE_FAMILY = "1,2";
			};
			name = Debug;
		};
		0A022DE31EA9AC9C006043FA /* Release */ = {
			isa = XCBuildConfiguration;
			buildSettings = {
				ALWAYS_SEARCH_USER_PATHS = NO;
				CLANG_ANALYZER_NONNULL = YES;
				CLANG_ANALYZER_NUMBER_OBJECT_CONVERSION = YES_AGGRESSIVE;
				CLANG_CXX_LANGUAGE_STANDARD = "gnu++0x";
				CLANG_CXX_LIBRARY = "libc++";
				CLANG_ENABLE_MODULES = YES;
				CLANG_ENABLE_OBJC_ARC = YES;
				CLANG_WARN_BOOL_CONVERSION = YES;
				CLANG_WARN_CONSTANT_CONVERSION = YES;
				CLANG_WARN_DIRECT_OBJC_ISA_USAGE = YES_ERROR;
				CLANG_WARN_DOCUMENTATION_COMMENTS = YES;
				CLANG_WARN_EMPTY_BODY = YES;
				CLANG_WARN_ENUM_CONVERSION = YES;
				CLANG_WARN_INFINITE_RECURSION = YES;
				CLANG_WARN_INT_CONVERSION = YES;
				CLANG_WARN_OBJC_ROOT_CLASS = YES_ERROR;
				CLANG_WARN_SUSPICIOUS_MOVE = YES;
				CLANG_WARN_UNREACHABLE_CODE = YES;
				CLANG_WARN__DUPLICATE_METHOD_MATCH = YES;
				"CODE_SIGN_IDENTITY[sdk=iphoneos*]" = "iPhone Developer";
				COPY_PHASE_STRIP = NO;
				DEBUG_INFORMATION_FORMAT = "dwarf-with-dsym";
				ENABLE_NS_ASSERTIONS = NO;
				ENABLE_STRICT_OBJC_MSGSEND = YES;
				GCC_C_LANGUAGE_STANDARD = gnu99;
				GCC_NO_COMMON_BLOCKS = YES;
				GCC_WARN_64_TO_32_BIT_CONVERSION = YES;
				GCC_WARN_ABOUT_RETURN_TYPE = YES_ERROR;
				GCC_WARN_UNDECLARED_SELECTOR = YES;
				GCC_WARN_UNINITIALIZED_AUTOS = YES_AGGRESSIVE;
				GCC_WARN_UNUSED_FUNCTION = YES;
				GCC_WARN_UNUSED_VARIABLE = YES;
				IPHONEOS_DEPLOYMENT_TARGET = 10.3;
				MTL_ENABLE_DEBUG_INFO = NO;
				SDKROOT = iphoneos;
				SWIFT_OPTIMIZATION_LEVEL = "-Owholemodule";
				TARGETED_DEVICE_FAMILY = "1,2";
				VALIDATE_PRODUCT = YES;
			};
			name = Release;
		};
		0A022DE51EA9AC9C006043FA /* Debug */ = {
			isa = XCBuildConfiguration;
			baseConfigurationReference = 32FA70F920364ACF867C5A47 /* Pods-BaseApp.debug.xcconfig */;
			buildSettings = {
				ASSETCATALOG_COMPILER_APPICON_NAME = AppIcon;
				DEVELOPMENT_TEAM = "";
				INFOPLIST_FILE = BaseApp/Info.plist;
				LD_RUNPATH_SEARCH_PATHS = "$(inherited) @executable_path/Frameworks";
				PRODUCT_BUNDLE_IDENTIFIER = Dou.BaseApp;
				PRODUCT_NAME = "$(TARGET_NAME)";
				PROVISIONING_PROFILE_SPECIFIER = "";
				SWIFT_VERSION = 3.0;
			};
			name = Debug;
		};
		0A022DE61EA9AC9C006043FA /* Release */ = {
			isa = XCBuildConfiguration;
			baseConfigurationReference = 446E63D4FA0006F9958B1599 /* Pods-BaseApp.release.xcconfig */;
			buildSettings = {
				ASSETCATALOG_COMPILER_APPICON_NAME = AppIcon;
				DEVELOPMENT_TEAM = "";
				INFOPLIST_FILE = BaseApp/Info.plist;
				LD_RUNPATH_SEARCH_PATHS = "$(inherited) @executable_path/Frameworks";
				PRODUCT_BUNDLE_IDENTIFIER = Dou.BaseApp;
				PRODUCT_NAME = "$(TARGET_NAME)";
				PROVISIONING_PROFILE_SPECIFIER = "";
				SWIFT_VERSION = 3.0;
			};
			name = Release;
		};
		0A022DE81EA9AC9C006043FA /* Debug */ = {
			isa = XCBuildConfiguration;
			buildSettings = {
				ALWAYS_EMBED_SWIFT_STANDARD_LIBRARIES = YES;
				BUNDLE_LOADER = "$(TEST_HOST)";
				INFOPLIST_FILE = BaseAppTests/Info.plist;
				LD_RUNPATH_SEARCH_PATHS = "$(inherited) @executable_path/Frameworks @loader_path/Frameworks";
				PRODUCT_BUNDLE_IDENTIFIER = Dou.BaseAppTests;
				PRODUCT_NAME = "$(TARGET_NAME)";
				SWIFT_VERSION = 3.0;
				TEST_HOST = "$(BUILT_PRODUCTS_DIR)/BaseApp.app/BaseApp";
			};
			name = Debug;
		};
		0A022DE91EA9AC9C006043FA /* Release */ = {
			isa = XCBuildConfiguration;
			buildSettings = {
				ALWAYS_EMBED_SWIFT_STANDARD_LIBRARIES = YES;
				BUNDLE_LOADER = "$(TEST_HOST)";
				INFOPLIST_FILE = BaseAppTests/Info.plist;
				LD_RUNPATH_SEARCH_PATHS = "$(inherited) @executable_path/Frameworks @loader_path/Frameworks";
				PRODUCT_BUNDLE_IDENTIFIER = Dou.BaseAppTests;
				PRODUCT_NAME = "$(TARGET_NAME)";
				SWIFT_VERSION = 3.0;
				TEST_HOST = "$(BUILT_PRODUCTS_DIR)/BaseApp.app/BaseApp";
			};
			name = Release;
		};
		0A022DEB1EA9AC9C006043FA /* Debug */ = {
			isa = XCBuildConfiguration;
			buildSettings = {
				ALWAYS_EMBED_SWIFT_STANDARD_LIBRARIES = YES;
				INFOPLIST_FILE = BaseAppUITests/Info.plist;
				LD_RUNPATH_SEARCH_PATHS = "$(inherited) @executable_path/Frameworks @loader_path/Frameworks";
				PRODUCT_BUNDLE_IDENTIFIER = Dou.BaseAppUITests;
				PRODUCT_NAME = "$(TARGET_NAME)";
				SWIFT_VERSION = 3.0;
				TEST_TARGET_NAME = BaseApp;
			};
			name = Debug;
		};
		0A022DEC1EA9AC9C006043FA /* Release */ = {
			isa = XCBuildConfiguration;
			buildSettings = {
				ALWAYS_EMBED_SWIFT_STANDARD_LIBRARIES = YES;
				INFOPLIST_FILE = BaseAppUITests/Info.plist;
				LD_RUNPATH_SEARCH_PATHS = "$(inherited) @executable_path/Frameworks @loader_path/Frameworks";
				PRODUCT_BUNDLE_IDENTIFIER = Dou.BaseAppUITests;
				PRODUCT_NAME = "$(TARGET_NAME)";
				SWIFT_VERSION = 3.0;
				TEST_TARGET_NAME = BaseApp;
			};
			name = Release;
		};
/* End XCBuildConfiguration section */

/* Begin XCConfigurationList section */
		0A022DB71EA9AC9C006043FA /* Build configuration list for PBXProject "BaseApp" */ = {
			isa = XCConfigurationList;
			buildConfigurations = (
				0A022DE21EA9AC9C006043FA /* Debug */,
				0A022DE31EA9AC9C006043FA /* Release */,
			);
			defaultConfigurationIsVisible = 0;
			defaultConfigurationName = Release;
		};
		0A022DE41EA9AC9C006043FA /* Build configuration list for PBXNativeTarget "BaseApp" */ = {
			isa = XCConfigurationList;
			buildConfigurations = (
				0A022DE51EA9AC9C006043FA /* Debug */,
				0A022DE61EA9AC9C006043FA /* Release */,
			);
			defaultConfigurationIsVisible = 0;
			defaultConfigurationName = Release;
		};
		0A022DE71EA9AC9C006043FA /* Build configuration list for PBXNativeTarget "BaseAppTests" */ = {
			isa = XCConfigurationList;
			buildConfigurations = (
				0A022DE81EA9AC9C006043FA /* Debug */,
				0A022DE91EA9AC9C006043FA /* Release */,
			);
			defaultConfigurationIsVisible = 0;
			defaultConfigurationName = Release;
		};
		0A022DEA1EA9AC9C006043FA /* Build configuration list for PBXNativeTarget "BaseAppUITests" */ = {
			isa = XCConfigurationList;
			buildConfigurations = (
				0A022DEB1EA9AC9C006043FA /* Debug */,
				0A022DEC1EA9AC9C006043FA /* Release */,
			);
			defaultConfigurationIsVisible = 0;
			defaultConfigurationName = Release;
		};
/* End XCConfigurationList section */
	};
	rootObject = 0A022DB41EA9AC9C006043FA /* Project object */;
}
